{
	"name": "@commercetools/custom-objects-importer",
	"version": "1.0.14",
	"lockfileVersion": 1,
	"requires": true,
	"dependencies": {
		"@sindresorhus/is": {
			"version": "0.7.0",
			"resolved": "https://registry.npmjs.org/@sindresorhus/is/-/is-0.7.0.tgz",
			"integrity": "sha512-ONhaKPIufzzrlNbqtWFFd+jlnemX6lJAgq9ZeiZtS7I1PIf/la7CW4m83rTXRnVnsMbW2k56pGYu7AUFJD9Pow=="
		},
		"common-tags": {
			"version": "1.8.0",
			"resolved": "https://registry.npmjs.org/common-tags/-/common-tags-1.8.0.tgz",
			"integrity": "sha512-6P6g0uetGpW/sdyUy/iQQCbFF0kWVMSIVSyYz7Zgjcgh8mgw8PQzDNZeyZ5DQ2gM7LBoZPHmnjz8rUthkBG5tw=="
		},
		"lodash.compact": {
			"version": "3.0.1",
			"resolved": "https://registry.npmjs.org/lodash.compact/-/lodash.compact-3.0.1.tgz",
			"integrity": "sha1-VAzjg3dFl1gHRx4WtKK6IeclbKU="
		},
		"lodash.isequal": {
			"version": "4.5.0",
			"resolved": "https://registry.npmjs.org/lodash.isequal/-/lodash.isequal-4.5.0.tgz",
			"integrity": "sha1-QVxEePK8wwEgwizhDtMib30+GOA="
		},
		"node-fetch": {
			"version": "2.2.0",
			"resolved": "https://registry.npmjs.org/node-fetch/-/node-fetch-2.2.0.tgz",
			"integrity": "sha512-OayFWziIxiHY8bCUyLX6sTpDH8Jsbp4FfYd1j1f7vZyfgkcOnAyM4oQR16f8a0s7Gl/viMGRey8eScYk4V4EZA=="
		},
		"p-reduce": {
			"version": "1.0.0",
			"resolved": "https://registry.npmjs.org/p-reduce/-/p-reduce-1.0.0.tgz",
			"integrity": "sha1-GMKw3ZNqRpClKfgjH1ig/bakffo="
		},
		"p-series": {
			"version": "1.1.0",
			"resolved": "https://registry.npmjs.org/p-series/-/p-series-1.1.0.tgz",
			"integrity": "sha512-356covArc9UCfj2twY/sxCJKGMzzO+pJJtucizsPC6aS1xKSTBc9PQrQhvFR3+7F+fa2KBKdJjdIcv6NEWDcIQ==",
			"requires": {
				"@sindresorhus/is": "^0.7.0",
				"p-reduce": "^1.0.0"
			}
		}
	}
}
