{
	"requires": true,
	"lockfileVersion": 1,
	"dependencies": {
		"ansi-regex": {
			"version": "2.1.1",
			"resolved": "https://registry.npmjs.org/ansi-regex/-/ansi-regex-2.1.1.tgz",
			"integrity": "sha1-w7M6te42DYbg5ijwRorn7yfWVN8="
		},
		"aproba": {
			"version": "1.1.2",
			"resolved": "https://registry.npmjs.org/aproba/-/aproba-1.1.2.tgz",
			"integrity": "sha512-ZpYajIfO0j2cOFTO955KUMIKNmj6zhX8kVztMAxFsDaMwz+9Z9SV0uou2pC9HJqcfpffOsjnbrDMvkNy+9RXPw=="
		},
		"are-we-there-yet": {
			"version": "1.1.4",
			"resolved": "https://registry.npmjs.org/are-we-there-yet/-/are-we-there-yet-1.1.4.tgz",
			"integrity": "sha1-u13KOCu5TwXhUZQ3PRb9O6HKEQ0=",
			"requires": {
				"delegates": "1.0.0",
				"readable-stream": "2.3.3"
			}
		},
		"boolbase": {
			"version": "1.0.0",
			"resolved": "https://registry.npmjs.org/boolbase/-/boolbase-1.0.0.tgz",
			"integrity": "sha1-aN/1++YMUes3cl6p4+0xDcwed24="
		},
		"builtin-modules": {
			"version": "1.1.1",
			"resolved": "https://registry.npmjs.org/builtin-modules/-/builtin-modules-1.1.1.tgz",
			"integrity": "sha1-Jw8HbFpywC9bZaR9+Uxf46J4iS8="
		},
		"camelcase": {
			"version": "3.0.0",
			"resolved": "https://registry.npmjs.org/camelcase/-/camelcase-3.0.0.tgz",
			"integrity": "sha1-MvxLn82vhF/N9+c7uXysImHwqwo="
		},
		"cli-table": {
			"version": "0.3.1",
			"resolved": "https://registry.npmjs.org/cli-table/-/cli-table-0.3.1.tgz",
			"integrity": "sha1-9TsFJmqLGguTSz0IIebi3FkUriM=",
			"requires": {
				"colors": "1.0.3"
			}
		},
		"cliui": {
			"version": "3.2.0",
			"resolved": "https://registry.npmjs.org/cliui/-/cliui-3.2.0.tgz",
			"integrity": "sha1-EgYBU3qRbSmUD5NNo7SNWFo5IT0=",
			"requires": {
				"string-width": "1.0.2",
				"strip-ansi": "3.0.1",
				"wrap-ansi": "2.1.0"
			}
		},
		"code-point-at": {
			"version": "1.1.0",
			"resolved": "https://registry.npmjs.org/code-point-at/-/code-point-at-1.1.0.tgz",
			"integrity": "sha1-DQcLTQQ6W+ozovGkDi7bPZpMz3c="
		},
		"colors": {
			"version": "1.0.3",
			"resolved": "https://registry.npmjs.org/colors/-/colors-1.0.3.tgz",
			"integrity": "sha1-BDP0TYCWgP3rYO0mDxsMJi6CpAs="
		},
		"commander": {
			"version": "2.11.0",
			"resolved": "https://registry.npmjs.org/commander/-/commander-2.11.0.tgz",
			"integrity": "sha512-b0553uYA5YAEGgyYIGYROzKQ7X5RAqedkfjiZxwi0kL1g3bOaBNNZfYkzt/CL0umgD5wc9Jec2FbB98CjkMRvQ=="
		},
		"console-control-strings": {
			"version": "1.1.0",
			"resolved": "https://registry.npmjs.org/console-control-strings/-/console-control-strings-1.1.0.tgz",
			"integrity": "sha1-PXz0Rk22RG6mRL9LOVB/mFEAjo4="
		},
		"core-util-is": {
			"version": "1.0.2",
			"resolved": "https://registry.npmjs.org/core-util-is/-/core-util-is-1.0.2.tgz",
			"integrity": "sha1-tf1UIgqivFq1eqtxQMlAdUUDwac="
		},
		"css-select": {
			"version": "1.2.0",
			"resolved": "https://registry.npmjs.org/css-select/-/css-select-1.2.0.tgz",
			"integrity": "sha1-KzoRBTnFNV8c2NMUYj6HCxIeyFg=",
			"requires": {
				"boolbase": "1.0.0",
				"css-what": "2.1.0",
				"domutils": "1.5.1",
				"nth-check": "1.0.1"
			}
		},
		"css-what": {
			"version": "2.1.0",
			"resolved": "https://registry.npmjs.org/css-what/-/css-what-2.1.0.tgz",
			"integrity": "sha1-lGfQMsOM+u+58teVASUwYvh/ob0="
		},
		"csv-parser": {
			"version": "1.11.0",
			"resolved": "https://registry.npmjs.org/csv-parser/-/csv-parser-1.11.0.tgz",
			"integrity": "sha1-zZLD9JiVo8FZFZEDXL++a1HFWrE=",
			"requires": {
				"generate-function": "1.1.0",
				"generate-object-property": "1.2.0",
				"inherits": "2.0.3",
				"minimist": "1.2.0",
				"ndjson": "1.5.0"
			}
		},
		"debug": {
			"version": "2.6.8",
			"resolved": "https://registry.npmjs.org/debug/-/debug-2.6.8.tgz",
			"integrity": "sha1-5zFTHKLt4n0YgiJCfaF4IdaP9Pw=",
			"requires": {
				"ms": "2.0.0"
			}
		},
		"decamelize": {
			"version": "1.2.0",
			"resolved": "https://registry.npmjs.org/decamelize/-/decamelize-1.2.0.tgz",
			"integrity": "sha1-9lNNFRSCabIDUue+4m9QH5oZEpA="
		},
		"delegates": {
			"version": "1.0.0",
			"resolved": "https://registry.npmjs.org/delegates/-/delegates-1.0.0.tgz",
			"integrity": "sha1-hMbhWbgZBP3KWaDvRM2HDTElD5o="
		},
		"dom-converter": {
			"version": "0.1.4",
			"resolved": "https://registry.npmjs.org/dom-converter/-/dom-converter-0.1.4.tgz",
			"integrity": "sha1-pF71cnuJDJv/5tfIduexnLDhfzs=",
			"requires": {
				"utila": "0.3.3"
			},
			"dependencies": {
				"utila": {
					"version": "0.3.3",
					"resolved": "https://registry.npmjs.org/utila/-/utila-0.3.3.tgz",
					"integrity": "sha1-1+jn1+MJEHCSsF+NloiCTWM6QiY="
				}
			}
		},
		"dom-serializer": {
			"version": "0.1.0",
			"resolved": "https://registry.npmjs.org/dom-serializer/-/dom-serializer-0.1.0.tgz",
			"integrity": "sha1-BzxpdUbOB4DOI75KKOKT5AvDDII=",
			"requires": {
				"domelementtype": "1.1.3",
				"entities": "1.1.1"
			},
			"dependencies": {
				"domelementtype": {
					"version": "1.1.3",
					"resolved": "https://registry.npmjs.org/domelementtype/-/domelementtype-1.1.3.tgz",
					"integrity": "sha1-vSh3PiZCiBrsUVRJJCmcXNgiGFs="
				}
			}
		},
		"domelementtype": {
			"version": "1.3.0",
			"resolved": "https://registry.npmjs.org/domelementtype/-/domelementtype-1.3.0.tgz",
			"integrity": "sha1-sXrtguirWeUt2cGbF1bg/BhyBMI="
		},
		"domhandler": {
			"version": "2.1.0",
			"resolved": "https://registry.npmjs.org/domhandler/-/domhandler-2.1.0.tgz",
			"integrity": "sha1-0mRvXlf2w7qxHPbLBdPArPdBJZQ=",
			"requires": {
				"domelementtype": "1.3.0"
			}
		},
		"domutils": {
			"version": "1.5.1",
			"resolved": "https://registry.npmjs.org/domutils/-/domutils-1.5.1.tgz",
			"integrity": "sha1-3NhIiib1Y9YQeeSMn3t+Mjc2gs8=",
			"requires": {
				"dom-serializer": "0.1.0",
				"domelementtype": "1.3.0"
			}
		},
		"entities": {
			"version": "1.1.1",
			"resolved": "https://registry.npmjs.org/entities/-/entities-1.1.1.tgz",
			"integrity": "sha1-blwtClYhtdra7O+AuQ7ftc13cvA="
		},
		"error-ex": {
			"version": "1.3.1",
			"resolved": "https://registry.npmjs.org/error-ex/-/error-ex-1.3.1.tgz",
			"integrity": "sha1-+FWobOYa3E6GIcPNoh56dhLDqNw=",
			"requires": {
				"is-arrayish": "0.2.1"
			}
		},
		"expand-string": {
			"version": "1.1.1",
			"resolved": "https://registry.npmjs.org/expand-string/-/expand-string-1.1.1.tgz",
			"integrity": "sha1-fBHCis10tezZkluPKezSeT+HFU4=",
			"requires": {
				"lodash.defaults": "4.2.0"
			}
		},
		"find-up": {
			"version": "1.1.2",
			"resolved": "https://registry.npmjs.org/find-up/-/find-up-1.1.2.tgz",
			"integrity": "sha1-ay6YIrGizgpgq2TWEOzK1TyyTQ8=",
			"requires": {
				"path-exists": "2.1.0",
				"pinkie-promise": "2.0.1"
			}
		},
		"flat": {
			"version": "2.0.1",
			"resolved": "https://registry.npmjs.org/flat/-/flat-2.0.1.tgz",
			"integrity": "sha1-cOKRiKdL4MPIlAnu0fqVd5B64y8=",
			"requires": {
				"is-buffer": "1.1.5"
			}
		},
		"gauge": {
			"version": "2.7.4",
			"resolved": "https://registry.npmjs.org/gauge/-/gauge-2.7.4.tgz",
			"integrity": "sha1-LANAXHU4w51+s3sxcCLjJfsBi/c=",
			"requires": {
				"aproba": "1.1.2",
				"console-control-strings": "1.1.0",
				"has-unicode": "2.0.1",
				"object-assign": "4.1.1",
				"signal-exit": "3.0.2",
				"string-width": "1.0.2",
				"strip-ansi": "3.0.1",
				"wide-align": "1.1.2"
			}
		},
		"generate-function": {
			"version": "1.1.0",
			"resolved": "https://registry.npmjs.org/generate-function/-/generate-function-1.1.0.tgz",
			"integrity": "sha1-VMIbCAGSsW2Yd3ecW7gWZudyNl8="
		},
		"generate-object-property": {
			"version": "1.2.0",
			"resolved": "https://registry.npmjs.org/generate-object-property/-/generate-object-property-1.2.0.tgz",
			"integrity": "sha1-nA4cQDCM6AT0eDYYuTf6iPmdUNA=",
			"requires": {
				"is-property": "1.0.2"
			}
		},
		"get-caller-file": {
			"version": "1.0.2",
			"resolved": "https://registry.npmjs.org/get-caller-file/-/get-caller-file-1.0.2.tgz",
			"integrity": "sha1-9wLmMSfn4jHBYKgMFVSstw1QR+U="
		},
		"graceful-fs": {
			"version": "4.1.11",
			"resolved": "https://registry.npmjs.org/graceful-fs/-/graceful-fs-4.1.11.tgz",
			"integrity": "sha1-Dovf5NHduIVNZOBOp8AOKgJuVlg="
		},
		"has-unicode": {
			"version": "2.0.1",
			"resolved": "https://registry.npmjs.org/has-unicode/-/has-unicode-2.0.1.tgz",
			"integrity": "sha1-4Ob+aijPUROIVeCG0Wkedx3iqLk="
		},
		"hosted-git-info": {
			"version": "2.5.0",
			"resolved": "https://registry.npmjs.org/hosted-git-info/-/hosted-git-info-2.5.0.tgz",
			"integrity": "sha512-pNgbURSuab90KbTqvRPsseaTxOJCZBD0a7t+haSN33piP9cCM4l0CqdzAif2hUqm716UovKB2ROmiabGAKVXyg=="
		},
		"htmlparser2": {
			"version": "3.3.0",
			"resolved": "https://registry.npmjs.org/htmlparser2/-/htmlparser2-3.3.0.tgz",
			"integrity": "sha1-zHDQWln2VC5D8OaFyYLhTJJKnv4=",
			"requires": {
				"domelementtype": "1.3.0",
				"domhandler": "2.1.0",
				"domutils": "1.1.6",
				"readable-stream": "1.0.34"
			},
			"dependencies": {
				"domutils": {
					"version": "1.1.6",
					"resolved": "https://registry.npmjs.org/domutils/-/domutils-1.1.6.tgz",
					"integrity": "sha1-vdw94Jm5ou+sxRxiPyj0FuzFdIU=",
					"requires": {
						"domelementtype": "1.3.0"
					}
				},
				"isarray": {
					"version": "0.0.1",
					"resolved": "https://registry.npmjs.org/isarray/-/isarray-0.0.1.tgz",
					"integrity": "sha1-ihis/Kmo9Bd+Cav8YDiTmwXR7t8="
				},
				"readable-stream": {
					"version": "1.0.34",
					"resolved": "https://registry.npmjs.org/readable-stream/-/readable-stream-1.0.34.tgz",
					"integrity": "sha1-Elgg40vIQtLyqq+v5MKRbuMsFXw=",
					"requires": {
						"core-util-is": "1.0.2",
						"inherits": "2.0.3",
						"isarray": "0.0.1",
						"string_decoder": "0.10.31"
					}
				},
				"string_decoder": {
					"version": "0.10.31",
					"resolved": "https://registry.npmjs.org/string_decoder/-/string_decoder-0.10.31.tgz",
					"integrity": "sha1-YuIDvEF2bGwoyfyEMB2rHFMQ+pQ="
				}
			}
		},
		"inherits": {
			"version": "2.0.3",
			"resolved": "https://registry.npmjs.org/inherits/-/inherits-2.0.3.tgz",
			"integrity": "sha1-Yzwsg+PaQqUC9SRmAiSA9CCCYd4="
		},
		"invert-kv": {
			"version": "1.0.0",
			"resolved": "https://registry.npmjs.org/invert-kv/-/invert-kv-1.0.0.tgz",
			"integrity": "sha1-EEqOSqym09jNFXqO+L+rLXo//bY="
		},
		"is-arrayish": {
			"version": "0.2.1",
			"resolved": "https://registry.npmjs.org/is-arrayish/-/is-arrayish-0.2.1.tgz",
			"integrity": "sha1-d8mYQFJ6qOyxqLppe4BkWnqSap0="
		},
		"is-buffer": {
			"version": "1.1.5",
			"resolved": "https://registry.npmjs.org/is-buffer/-/is-buffer-1.1.5.tgz",
			"integrity": "sha1-Hzsm72E7IUuIy8ojzGwB2Hlh7sw="
		},
		"is-builtin-module": {
			"version": "1.0.0",
			"resolved": "https://registry.npmjs.org/is-builtin-module/-/is-builtin-module-1.0.0.tgz",
			"integrity": "sha1-VAVy0096wxGfj3bDDLwbHgN6/74=",
			"requires": {
				"builtin-modules": "1.1.1"
			}
		},
		"is-fullwidth-code-point": {
			"version": "1.0.0",
			"resolved": "https://registry.npmjs.org/is-fullwidth-code-point/-/is-fullwidth-code-point-1.0.0.tgz",
			"integrity": "sha1-754xOG8DGn8NZDr4L95QxFfvAMs=",
			"requires": {
				"number-is-nan": "1.0.1"
			}
		},
		"is-property": {
			"version": "1.0.2",
			"resolved": "https://registry.npmjs.org/is-property/-/is-property-1.0.2.tgz",
			"integrity": "sha1-V/4cTkhHTt1lsJkR8msc1Ald2oQ="
		},
		"is-utf8": {
			"version": "0.2.1",
			"resolved": "https://registry.npmjs.org/is-utf8/-/is-utf8-0.2.1.tgz",
			"integrity": "sha1-Sw2hRCEE0bM2NA6AeX6GXPOffXI="
		},
		"isarray": {
			"version": "1.0.0",
			"resolved": "https://registry.npmjs.org/isarray/-/isarray-1.0.0.tgz",
			"integrity": "sha1-u5NdSFgsuhaMBoNJV6VKPgcSTxE="
		},
		"json-stringify-safe": {
			"version": "5.0.1",
			"resolved": "https://registry.npmjs.org/json-stringify-safe/-/json-stringify-safe-5.0.1.tgz",
			"integrity": "sha1-Epai1Y/UXxmg9s4B1lcB4sc1tus="
		},
		"json2csv": {
			"version": "3.11.1",
			"resolved": "https://registry.npmjs.org/json2csv/-/json2csv-3.11.1.tgz",
			"integrity": "sha1-NHdWVmkQzLMjBiqUNssTcXuB+bc=",
			"requires": {
				"cli-table": "0.3.1",
				"commander": "2.11.0",
				"debug": "2.6.8",
				"flat": "2.0.1",
				"lodash.clonedeep": "4.5.0",
				"lodash.flatten": "4.4.0",
				"lodash.get": "4.4.2",
				"lodash.set": "4.3.2",
				"lodash.uniq": "4.5.0",
				"path-is-absolute": "1.0.1"
			}
		},
		"lcid": {
			"version": "1.0.0",
			"resolved": "https://registry.npmjs.org/lcid/-/lcid-1.0.0.tgz",
			"integrity": "sha1-MIrMr6C8SDo4Z7S28rlQYlHRuDU=",
			"requires": {
				"invert-kv": "1.0.0"
			}
		},
		"load-json-file": {
			"version": "1.1.0",
			"resolved": "https://registry.npmjs.org/load-json-file/-/load-json-file-1.1.0.tgz",
			"integrity": "sha1-lWkFcI1YtLq0wiYbBPWfMcmTdMA=",
			"requires": {
				"graceful-fs": "4.1.11",
				"parse-json": "2.2.0",
				"pify": "2.3.0",
				"pinkie-promise": "2.0.1",
				"strip-bom": "2.0.0"
			}
		},
		"lodash.clonedeep": {
			"version": "4.5.0",
			"resolved": "https://registry.npmjs.org/lodash.clonedeep/-/lodash.clonedeep-4.5.0.tgz",
			"integrity": "sha1-4j8/nE+Pvd6HJSnBBxhXoIblzO8="
		},
		"lodash.defaults": {
			"version": "4.2.0",
			"resolved": "https://registry.npmjs.org/lodash.defaults/-/lodash.defaults-4.2.0.tgz",
			"integrity": "sha1-0JF4cW/+pN3p5ft7N/bwgCJ0WAw="
		},
		"lodash.flatten": {
			"version": "4.4.0",
			"resolved": "https://registry.npmjs.org/lodash.flatten/-/lodash.flatten-4.4.0.tgz",
			"integrity": "sha1-8xwiIlqWMtK7+OSt2+8kCqdlph8="
		},
		"lodash.get": {
			"version": "4.4.2",
			"resolved": "https://registry.npmjs.org/lodash.get/-/lodash.get-4.4.2.tgz",
			"integrity": "sha1-LRd/ZS+jHpObRDjVNBSZ36OCXpk="
		},
		"lodash.set": {
			"version": "4.3.2",
			"resolved": "https://registry.npmjs.org/lodash.set/-/lodash.set-4.3.2.tgz",
			"integrity": "sha1-2HV7HagH3eJIFrDWqEvqGnYjCyM="
		},
		"lodash.uniq": {
			"version": "4.5.0",
			"resolved": "https://registry.npmjs.org/lodash.uniq/-/lodash.uniq-4.5.0.tgz",
			"integrity": "sha1-0CJTc662Uq3BvILklFM5qEJ1R3M="
		},
		"minimist": {
			"version": "1.2.0",
			"resolved": "https://registry.npmjs.org/minimist/-/minimist-1.2.0.tgz",
			"integrity": "sha1-o1AIsg9BOD7sH7kU9M1d95omQoQ="
		},
		"ms": {
			"version": "2.0.0",
			"resolved": "https://registry.npmjs.org/ms/-/ms-2.0.0.tgz",
			"integrity": "sha1-VgiurfwAvmwpAd9fmGF4jeDVl8g="
		},
		"ndjson": {
			"version": "1.5.0",
			"resolved": "https://registry.npmjs.org/ndjson/-/ndjson-1.5.0.tgz",
			"integrity": "sha1-rmA7NrE0vOw0e0UkIrC/mNWDLsg=",
			"requires": {
				"json-stringify-safe": "5.0.1",
				"minimist": "1.2.0",
				"split2": "2.1.1",
				"through2": "2.0.3"
			}
		},
		"normalize-package-data": {
			"version": "2.4.0",
			"resolved": "https://registry.npmjs.org/normalize-package-data/-/normalize-package-data-2.4.0.tgz",
			"integrity": "sha512-9jjUFbTPfEy3R/ad/2oNbKtW9Hgovl5O1FvFWKkKblNXoN/Oou6+9+KKohPK13Yc3/TyunyWhJp6gvRNR/PPAw==",
			"requires": {
				"hosted-git-info": "2.5.0",
				"is-builtin-module": "1.0.0",
				"semver": "5.4.1",
				"validate-npm-package-license": "3.0.1"
			}
		},
		"npmlog": {
			"version": "4.1.2",
			"resolved": "https://registry.npmjs.org/npmlog/-/npmlog-4.1.2.tgz",
			"integrity": "sha512-2uUqazuKlTaSI/dC8AzicUck7+IrEaOnN/e0jd3Xtt1KcGpwx30v50mL7oPyr/h9bL3E4aZccVwpwP+5W9Vjkg==",
			"requires": {
				"are-we-there-yet": "1.1.4",
				"console-control-strings": "1.1.0",
				"gauge": "2.7.4",
				"set-blocking": "2.0.0"
			}
		},
		"nth-check": {
			"version": "1.0.1",
			"resolved": "https://registry.npmjs.org/nth-check/-/nth-check-1.0.1.tgz",
			"integrity": "sha1-mSms32KPwsQQmN6rgqxYDPFJquQ=",
			"requires": {
				"boolbase": "1.0.0"
			}
		},
		"number-is-nan": {
			"version": "1.0.1",
			"resolved": "https://registry.npmjs.org/number-is-nan/-/number-is-nan-1.0.1.tgz",
			"integrity": "sha1-CXtgK1NCKlIsGvuHkDGDNpQaAR0="
		},
		"object-assign": {
			"version": "4.1.1",
			"resolved": "https://registry.npmjs.org/object-assign/-/object-assign-4.1.1.tgz",
			"integrity": "sha1-IQmtx5ZYh8/AXLvUQsrIv7s2CGM="
		},
		"os-locale": {
			"version": "1.4.0",
			"resolved": "https://registry.npmjs.org/os-locale/-/os-locale-1.4.0.tgz",
			"integrity": "sha1-IPnxeuKe00XoveWDsT0gCYA8FNk=",
			"requires": {
				"lcid": "1.0.0"
			}
		},
		"parse-json": {
			"version": "2.2.0",
			"resolved": "https://registry.npmjs.org/parse-json/-/parse-json-2.2.0.tgz",
			"integrity": "sha1-9ID0BDTvgHQfhGkJn43qGPVaTck=",
			"requires": {
				"error-ex": "1.3.1"
			}
		},
		"path-exists": {
			"version": "2.1.0",
			"resolved": "https://registry.npmjs.org/path-exists/-/path-exists-2.1.0.tgz",
			"integrity": "sha1-D+tsZPD8UY2adU3V77YscCJ2H0s=",
			"requires": {
				"pinkie-promise": "2.0.1"
			}
		},
		"path-is-absolute": {
			"version": "1.0.1",
			"resolved": "https://registry.npmjs.org/path-is-absolute/-/path-is-absolute-1.0.1.tgz",
			"integrity": "sha1-F0uSaHNVNP+8es5r9TpanhtcX18="
		},
		"path-type": {
			"version": "1.1.0",
			"resolved": "https://registry.npmjs.org/path-type/-/path-type-1.1.0.tgz",
			"integrity": "sha1-WcRPfuSR2nBNpBXaWkBwuk+P5EE=",
			"requires": {
				"graceful-fs": "4.1.11",
				"pify": "2.3.0",
				"pinkie-promise": "2.0.1"
			}
		},
		"pify": {
			"version": "2.3.0",
			"resolved": "https://registry.npmjs.org/pify/-/pify-2.3.0.tgz",
			"integrity": "sha1-7RQaasBDqEnqWISY59yosVMw6Qw="
		},
		"pinkie": {
			"version": "2.0.4",
			"resolved": "https://registry.npmjs.org/pinkie/-/pinkie-2.0.4.tgz",
			"integrity": "sha1-clVrgM+g1IqXToDnckjoDtT3+HA="
		},
		"pinkie-promise": {
			"version": "2.0.1",
			"resolved": "https://registry.npmjs.org/pinkie-promise/-/pinkie-promise-2.0.1.tgz",
			"integrity": "sha1-ITXW36ejWMBprJsXh3YogihFD/o=",
			"requires": {
				"pinkie": "2.0.4"
			}
		},
		"pretty-error": {
			"version": "2.1.1",
			"resolved": "https://registry.npmjs.org/pretty-error/-/pretty-error-2.1.1.tgz",
			"integrity": "sha1-X0+HyPkeWuPzuoerTPXgOxoX8aM=",
			"requires": {
				"renderkid": "2.0.1",
				"utila": "0.4.0"
			}
		},
		"process-nextick-args": {
			"version": "1.0.7",
			"resolved": "https://registry.npmjs.org/process-nextick-args/-/process-nextick-args-1.0.7.tgz",
			"integrity": "sha1-FQ4gt1ZZCtP5EJPyWk8q2L/zC6M="
		},
		"read-pkg": {
			"version": "1.1.0",
			"resolved": "https://registry.npmjs.org/read-pkg/-/read-pkg-1.1.0.tgz",
			"integrity": "sha1-9f+qXs0pyzHAR0vKfXVra7KePyg=",
			"requires": {
				"load-json-file": "1.1.0",
				"normalize-package-data": "2.4.0",
				"path-type": "1.1.0"
			}
		},
		"read-pkg-up": {
			"version": "1.0.1",
			"resolved": "https://registry.npmjs.org/read-pkg-up/-/read-pkg-up-1.0.1.tgz",
			"integrity": "sha1-nWPBMnbAZZGNV/ACpX9AobZD+wI=",
			"requires": {
				"find-up": "1.1.2",
				"read-pkg": "1.1.0"
			}
		},
		"readable-stream": {
			"version": "2.3.3",
			"resolved": "https://registry.npmjs.org/readable-stream/-/readable-stream-2.3.3.tgz",
			"integrity": "sha512-m+qzzcn7KUxEmd1gMbchF+Y2eIUbieUaxkWtptyHywrX0rE8QEYqPC07Vuy4Wm32/xE16NcdBctb8S0Xe/5IeQ==",
			"requires": {
				"core-util-is": "1.0.2",
				"inherits": "2.0.3",
				"isarray": "1.0.0",
				"process-nextick-args": "1.0.7",
				"safe-buffer": "5.1.1",
				"string_decoder": "1.0.3",
				"util-deprecate": "1.0.2"
			}
		},
		"renderkid": {
			"version": "2.0.1",
			"resolved": "https://registry.npmjs.org/renderkid/-/renderkid-2.0.1.tgz",
			"integrity": "sha1-iYyr/Ivt5Le5ETWj/9Mj5YwNsxk=",
			"requires": {
				"css-select": "1.2.0",
				"dom-converter": "0.1.4",
				"htmlparser2": "3.3.0",
				"strip-ansi": "3.0.1",
				"utila": "0.3.3"
			},
			"dependencies": {
				"utila": {
					"version": "0.3.3",
					"resolved": "https://registry.npmjs.org/utila/-/utila-0.3.3.tgz",
					"integrity": "sha1-1+jn1+MJEHCSsF+NloiCTWM6QiY="
				}
			}
		},
		"require-directory": {
			"version": "2.1.1",
			"resolved": "https://registry.npmjs.org/require-directory/-/require-directory-2.1.1.tgz",
			"integrity": "sha1-jGStX9MNqxyXbiNE/+f3kqam30I="
		},
		"require-main-filename": {
			"version": "1.0.1",
			"resolved": "https://registry.npmjs.org/require-main-filename/-/require-main-filename-1.0.1.tgz",
			"integrity": "sha1-l/cXtp1IeE9fUmpsWqj/3aBVpNE="
		},
		"safe-buffer": {
			"version": "5.1.1",
			"resolved": "https://registry.npmjs.org/safe-buffer/-/safe-buffer-5.1.1.tgz",
			"integrity": "sha512-kKvNJn6Mm93gAczWVJg7wH+wGYWNrDHdWvpUmHyEsgCtIwwo3bqPtV4tR5tuPaUhTOo/kvhVwd8XwwOllGYkbg=="
		},
		"semver": {
			"version": "5.4.1",
			"resolved": "https://registry.npmjs.org/semver/-/semver-5.4.1.tgz",
			"integrity": "sha512-WfG/X9+oATh81XtllIo/I8gOiY9EXRdv1cQdyykeXK17YcUW3EXUAi2To4pcH6nZtJPr7ZOpM5OMyWJZm+8Rsg=="
		},
		"set-blocking": {
			"version": "2.0.0",
			"resolved": "https://registry.npmjs.org/set-blocking/-/set-blocking-2.0.0.tgz",
			"integrity": "sha1-BF+XgtARrppoA93TgrJDkrPYkPc="
		},
		"signal-exit": {
			"version": "3.0.2",
			"resolved": "https://registry.npmjs.org/signal-exit/-/signal-exit-3.0.2.tgz",
			"integrity": "sha1-tf3AjxKH6hF4Yo5BXiUTK3NkbG0="
		},
		"spdx-correct": {
			"version": "1.0.2",
			"resolved": "https://registry.npmjs.org/spdx-correct/-/spdx-correct-1.0.2.tgz",
			"integrity": "sha1-SzBz2TP/UfORLwOsVRlJikFQ20A=",
			"requires": {
				"spdx-license-ids": "1.2.2"
			}
		},
		"spdx-expression-parse": {
			"version": "1.0.4",
			"resolved": "https://registry.npmjs.org/spdx-expression-parse/-/spdx-expression-parse-1.0.4.tgz",
			"integrity": "sha1-m98vIOH0DtRH++JzJmGR/O1RYmw="
		},
		"spdx-license-ids": {
			"version": "1.2.2",
			"resolved": "https://registry.npmjs.org/spdx-license-ids/-/spdx-license-ids-1.2.2.tgz",
			"integrity": "sha1-yd96NCRZSt5r0RkA1ZZpbcBrrFc="
		},
		"split2": {
			"version": "2.1.1",
			"resolved": "https://registry.npmjs.org/split2/-/split2-2.1.1.tgz",
			"integrity": "sha1-eh9VHhdqkOzTNF9yRqDP4XXvT9A=",
			"requires": {
				"through2": "2.0.3"
			}
		},
		"string_decoder": {
			"version": "1.0.3",
			"resolved": "https://registry.npmjs.org/string_decoder/-/string_decoder-1.0.3.tgz",
			"integrity": "sha512-4AH6Z5fzNNBcH+6XDMfA/BTt87skxqJlO0lAh3Dker5zThcAxG6mKz+iGu308UKoPPQ8Dcqx/4JhujzltRa+hQ==",
			"requires": {
				"safe-buffer": "5.1.1"
			}
		},
		"string-width": {
			"version": "1.0.2",
			"resolved": "https://registry.npmjs.org/string-width/-/string-width-1.0.2.tgz",
			"integrity": "sha1-EYvfW4zcUaKn5w0hHgfisLmxB9M=",
			"requires": {
				"code-point-at": "1.1.0",
				"is-fullwidth-code-point": "1.0.0",
				"strip-ansi": "3.0.1"
			}
		},
		"strip-ansi": {
			"version": "3.0.1",
			"resolved": "https://registry.npmjs.org/strip-ansi/-/strip-ansi-3.0.1.tgz",
			"integrity": "sha1-ajhfuIU9lS1f8F0Oiq+UJ43GPc8=",
			"requires": {
				"ansi-regex": "2.1.1"
			}
		},
		"strip-bom": {
			"version": "2.0.0",
			"resolved": "https://registry.npmjs.org/strip-bom/-/strip-bom-2.0.0.tgz",
			"integrity": "sha1-YhmoVhZSBJHzV4i9vxRHqZx+aw4=",
			"requires": {
				"is-utf8": "0.2.1"
			}
		},
		"through2": {
			"version": "2.0.3",
			"resolved": "https://registry.npmjs.org/through2/-/through2-2.0.3.tgz",
			"integrity": "sha1-AARWmzfHx0ujnEPzzteNGtlBQL4=",
			"requires": {
				"readable-stream": "2.3.3",
				"xtend": "4.0.1"
			}
		},
		"tokgen": {
			"version": "1.0.0",
			"resolved": "https://registry.npmjs.org/tokgen/-/tokgen-1.0.0.tgz",
			"integrity": "sha1-5wmIWfbnzKXwGSoFW0GN6kJQBOM=",
			"requires": {
				"expand-string": "1.1.1",
				"lodash.defaults": "4.2.0"
			}
		},
		"util-deprecate": {
			"version": "1.0.2",
			"resolved": "https://registry.npmjs.org/util-deprecate/-/util-deprecate-1.0.2.tgz",
			"integrity": "sha1-RQ1Nyfpw3nMnYvvS1KKJgUGaDM8="
		},
		"utila": {
			"version": "0.4.0",
			"resolved": "https://registry.npmjs.org/utila/-/utila-0.4.0.tgz",
			"integrity": "sha1-ihagXURWV6Oupe7MWxKk+lN5dyw="
		},
		"validate-npm-package-license": {
			"version": "3.0.1",
			"resolved": "https://registry.npmjs.org/validate-npm-package-license/-/validate-npm-package-license-3.0.1.tgz",
			"integrity": "sha1-KAS6vnEq0zeUWaz74kdGqywwP7w=",
			"requires": {
				"spdx-correct": "1.0.2",
				"spdx-expression-parse": "1.0.4"
			}
		},
		"which-module": {
			"version": "1.0.0",
			"resolved": "https://registry.npmjs.org/which-module/-/which-module-1.0.0.tgz",
			"integrity": "sha1-u6Y8qGGUiZT/MHc2CJ47lgJsKk8="
		},
		"wide-align": {
			"version": "1.1.2",
			"resolved": "https://registry.npmjs.org/wide-align/-/wide-align-1.1.2.tgz",
			"integrity": "sha512-ijDLlyQ7s6x1JgCLur53osjm/UXUYD9+0PbYKrBsYisYXzCxN+HC3mYDNy/dWdmf3AwqwU3CXwDCvsNgGK1S0w==",
			"requires": {
				"string-width": "1.0.2"
			}
		},
		"wrap-ansi": {
			"version": "2.1.0",
			"resolved": "https://registry.npmjs.org/wrap-ansi/-/wrap-ansi-2.1.0.tgz",
			"integrity": "sha1-2Pw9KE3QV5T+hJc8rs3Rz4JP3YU=",
			"requires": {
				"string-width": "1.0.2",
				"strip-ansi": "3.0.1"
			}
		},
		"xtend": {
			"version": "4.0.1",
			"resolved": "https://registry.npmjs.org/xtend/-/xtend-4.0.1.tgz",
			"integrity": "sha1-pcbVMr5lbiPbgg77lDofBJmNY68="
		},
		"y18n": {
			"version": "3.2.1",
			"resolved": "https://registry.npmjs.org/y18n/-/y18n-3.2.1.tgz",
			"integrity": "sha1-bRX7qITAhnnA136I53WegR4H+kE="
		},
		"yargs": {
			"version": "7.1.0",
			"resolved": "https://registry.npmjs.org/yargs/-/yargs-7.1.0.tgz",
			"integrity": "sha1-a6MY6xaWFyf10oT46gA+jWFU0Mg=",
			"requires": {
				"camelcase": "3.0.0",
				"cliui": "3.2.0",
				"decamelize": "1.2.0",
				"get-caller-file": "1.0.2",
				"os-locale": "1.4.0",
				"read-pkg-up": "1.0.1",
				"require-directory": "2.1.1",
				"require-main-filename": "1.0.1",
				"set-blocking": "2.0.0",
				"string-width": "1.0.2",
				"which-module": "1.0.0",
				"y18n": "3.2.1",
				"yargs-parser": "5.0.0"
			}
		},
		"yargs-parser": {
			"version": "5.0.0",
			"resolved": "https://registry.npmjs.org/yargs-parser/-/yargs-parser-5.0.0.tgz",
			"integrity": "sha1-J17PDX/+Bcd+ZOfIbkzZS/DhIoo=",
			"requires": {
				"camelcase": "3.0.0"
			}
		}
	}
}
