{
	"name": "@commercetools/state-importer",
	"version": "1.0.26",
	"lockfileVersion": 1,
	"requires": true,
	"dependencies": {
		"common-tags": {
			"version": "1.8.0",
			"resolved": "https://registry.npmjs.org/common-tags/-/common-tags-1.8.0.tgz",
			"integrity": "sha512-6P6g0uetGpW/sdyUy/iQQCbFF0kWVMSIVSyYz7Zgjcgh8mgw8PQzDNZeyZ5DQ2gM7LBoZPHmnjz8rUthkBG5tw==",
			"dev": true
		},
		"node-fetch": {
			"version": "2.2.0",
			"resolved": "https://registry.npmjs.org/node-fetch/-/node-fetch-2.2.0.tgz",
			"integrity": "sha512-OayFWziIxiHY8bCUyLX6sTpDH8Jsbp4FfYd1j1f7vZyfgkcOnAyM4oQR16f8a0s7Gl/viMGRey8eScYk4V4EZA=="
		}
	}
}
